
Microsoft Visual Studio Solution File, Format Version 12.00
# Visual Studio Version 17
VisualStudioVersion = 17.5.33424.131
MinimumVisualStudioVersion = 10.0.40219.1
Project("{8BC9CEB8-8B4A-11D0-8D11-00A0C91BC942}") = "001_namespace", "01_start\01_start.vcxproj", "{20F4D80B-0D63-4FD1-84FD-31E84256092E}"
EndProject
Project("{8BC9CEB8-8B4A-11D0-8D11-00A0C91BC942}") = "002_cout&endl", "002_cout&endl\002_cout&endl.vcxproj", "{81A2D3E1-8FDF-4536-9638-C9876C0B23FB}"
EndProject
Project("{8BC9CEB8-8B4A-11D0-8D11-00A0C91BC942}") = "003_Refference", "003_Refference\003_Refference.vcxproj", "{0A1C8FEC-4550-4F84-B41A-E257D33C272A}"
EndProject
Project("{8BC9CEB8-8B4A-11D0-8D11-00A0C91BC942}") = "004_literal", "004_literal\004_literal.vcxproj", "{ECFEDB87-C8B2-4040-BA08-DC205B8BE9FD}"
EndProject
Project("{8BC9CEB8-8B4A-11D0-8D11-00A0C91BC942}") = "005_StringOPerator", "005_StringOPerator\005_StringOPerator.vcxproj", "{1314C36F-5505-48CC-B711-1AF339E70813}"
EndProject
Project("{8BC9CEB8-8B4A-11D0-8D11-00A0C91BC942}") = "006_Refference", "006_Refference\006_Refference.vcxproj", "{F61E54BD-352E-4AD8-8F47-74E41AEC5369}"
EndProject
Project("{8BC9CEB8-8B4A-11D0-8D11-00A0C91BC942}") = "007_DynamicMemory", "007_DynamicMemory\007_DynamicMemory.vcxproj", "{852BDD8B-5645-4458-A929-3A071D9E56A8}"
EndProject
Project("{8BC9CEB8-8B4A-11D0-8D11-00A0C91BC942}") = "008_newAnddelete", "008_newAnddelete\008_newAnddelete.vcxproj", "{75E3F336-A445-4DE6-BF98-82B356230228}"
EndProject
Project("{8BC9CEB8-8B4A-11D0-8D11-00A0C91BC942}") = "01_Practice", "01_Practice\01_Practice.vcxproj", "{8F13F6DD-8F7C-462C-AC64-18452D1622E6}"
EndProject
Project("{8BC9CEB8-8B4A-11D0-8D11-00A0C91BC942}") = "009_DependencyInjectionPattern", "009_DependencyInjectionPattern\009_DependencyInjectionPattern.vcxproj", "{46524DDE-343B-467D-BF77-F7619928900B}"
EndProject
Project("{8BC9CEB8-8B4A-11D0-8D11-00A0C91BC942}") = "010_OOP", "010_OOP\010_OOP.vcxproj", "{7F7CEF3C-AB7B-43A4-9708-0156CBDA036D}"
EndProject
Project("{8BC9CEB8-8B4A-11D0-8D11-00A0C91BC942}") = "02_Practice", "02_Practice\02_Practice.vcxproj", "{85303DED-8EC8-4A6A-B1B5-06547811C863}"
EndProject
Project("{2150E333-8FDC-42A3-9474-1A3956D46DE8}") = "Practice", "Practice", "{2145632D-40A6-40CB-AA6B-E91383688C48}"
EndProject
Project("{2150E333-8FDC-42A3-9474-1A3956D46DE8}") = "OOP", "OOP", "{3906D822-8F3A-4A48-AD93-8DDDD07D1735}"
EndProject
Project("{8BC9CEB8-8B4A-11D0-8D11-00A0C91BC942}") = "011_Overloading", "011_Overloading\011_Overloading.vcxproj", "{8CC81885-63B5-40AE-85C8-711AFBA4AE6A}"
EndProject
Project("{8BC9CEB8-8B4A-11D0-8D11-00A0C91BC942}") = "02_Practice-2", "02_Practice-2\02_Practice-2.vcxproj", "{EBD64C9B-6D39-4EA8-88B7-F7D87511C11A}"
EndProject
Project("{8BC9CEB8-8B4A-11D0-8D11-00A0C91BC942}") = "03_Practice", "03_Practice\03_Practice.vcxproj", "{031856C6-37F3-468D-97DD-3F693B6F111C}"
EndProject
Project("{8BC9CEB8-8B4A-11D0-8D11-00A0C91BC942}") = "012_Starcraft01", "012_Starcraft01\012_Starcraft01.vcxproj", "{C45B4137-ACE5-4BE7-BF73-23737EE428A0}"
EndProject
Project("{2150E333-8FDC-42A3-9474-1A3956D46DE8}") = "01_Question", "01_Question", "{11FB998F-70BD-4805-B608-AAEC25911D20}"
EndProject
Project("{2150E333-8FDC-42A3-9474-1A3956D46DE8}") = "Practice", "Practice", "{29243AAE-CA35-49C1-AD3E-45945E6E33A3}"
EndProject
Project("{8BC9CEB8-8B4A-11D0-8D11-00A0C91BC942}") = "01_WageCalculation", "01-wage calculation\01-wage calculation.vcxproj", "{85F59767-83BE-4467-892E-82FA9D7D91A3}"
EndProject
Project("{8BC9CEB8-8B4A-11D0-8D11-00A0C91BC942}") = "02_FunctionOverloading", "02_FunctionOverloading\02_FunctionOverloading.vcxproj", "{AB3F91D2-7878-4343-84E0-1B89B1C84E84}"
EndProject
Project("{8BC9CEB8-8B4A-11D0-8D11-00A0C91BC942}") = "001_Overloading", "STL\STL.vcxproj", "{12A3B197-6A1F-48E1-83E6-FF93CF5118AD}"
EndProject
Project("{2150E333-8FDC-42A3-9474-1A3956D46DE8}") = "StL", "StL", "{797DB261-2CE4-4D53-84F4-51F26BAAA556}"
EndProject
Global
	GlobalSection(SolutionConfigurationPlatforms) = preSolution
		Debug|x64 = Debug|x64
		Debug|x86 = Debug|x86
		Release|x64 = Release|x64
		Release|x86 = Release|x86
	EndGlobalSection
	GlobalSection(ProjectConfigurationPlatforms) = postSolution
		{20F4D80B-0D63-4FD1-84FD-31E84256092E}.Debug|x64.ActiveCfg = Debug|x64
		{20F4D80B-0D63-4FD1-84FD-31E84256092E}.Debug|x64.Build.0 = Debug|x64
		{20F4D80B-0D63-4FD1-84FD-31E84256092E}.Debug|x86.ActiveCfg = Debug|Win32
		{20F4D80B-0D63-4FD1-84FD-31E84256092E}.Debug|x86.Build.0 = Debug|Win32
		{20F4D80B-0D63-4FD1-84FD-31E84256092E}.Release|x64.ActiveCfg = Release|x64
		{20F4D80B-0D63-4FD1-84FD-31E84256092E}.Release|x64.Build.0 = Release|x64
		{20F4D80B-0D63-4FD1-84FD-31E84256092E}.Release|x86.ActiveCfg = Release|Win32
		{20F4D80B-0D63-4FD1-84FD-31E84256092E}.Release|x86.Build.0 = Release|Win32
		{81A2D3E1-8FDF-4536-9638-C9876C0B23FB}.Debug|x64.ActiveCfg = Debug|x64
		{81A2D3E1-8FDF-4536-9638-C9876C0B23FB}.Debug|x64.Build.0 = Debug|x64
		{81A2D3E1-8FDF-4536-9638-C9876C0B23FB}.Debug|x86.ActiveCfg = Debug|Win32
		{81A2D3E1-8FDF-4536-9638-C9876C0B23FB}.Debug|x86.Build.0 = Debug|Win32
		{81A2D3E1-8FDF-4536-9638-C9876C0B23FB}.Release|x64.ActiveCfg = Release|x64
		{81A2D3E1-8FDF-4536-9638-C9876C0B23FB}.Release|x64.Build.0 = Release|x64
		{81A2D3E1-8FDF-4536-9638-C9876C0B23FB}.Release|x86.ActiveCfg = Release|Win32
		{81A2D3E1-8FDF-4536-9638-C9876C0B23FB}.Release|x86.Build.0 = Release|Win32
		{0A1C8FEC-4550-4F84-B41A-E257D33C272A}.Debug|x64.ActiveCfg = Debug|x64
		{0A1C8FEC-4550-4F84-B41A-E257D33C272A}.Debug|x64.Build.0 = Debug|x64
		{0A1C8FEC-4550-4F84-B41A-E257D33C272A}.Debug|x86.ActiveCfg = Debug|Win32
		{0A1C8FEC-4550-4F84-B41A-E257D33C272A}.Debug|x86.Build.0 = Debug|Win32
		{0A1C8FEC-4550-4F84-B41A-E257D33C272A}.Release|x64.ActiveCfg = Release|x64
		{0A1C8FEC-4550-4F84-B41A-E257D33C272A}.Release|x64.Build.0 = Release|x64
		{0A1C8FEC-4550-4F84-B41A-E257D33C272A}.Release|x86.ActiveCfg = Release|Win32
		{0A1C8FEC-4550-4F84-B41A-E257D33C272A}.Release|x86.Build.0 = Release|Win32
		{ECFEDB87-C8B2-4040-BA08-DC205B8BE9FD}.Debug|x64.ActiveCfg = Debug|x64
		{ECFEDB87-C8B2-4040-BA08-DC205B8BE9FD}.Debug|x64.Build.0 = Debug|x64
		{ECFEDB87-C8B2-4040-BA08-DC205B8BE9FD}.Debug|x86.ActiveCfg = Debug|Win32
		{ECFEDB87-C8B2-4040-BA08-DC205B8BE9FD}.Debug|x86.Build.0 = Debug|Win32
		{ECFEDB87-C8B2-4040-BA08-DC205B8BE9FD}.Release|x64.ActiveCfg = Release|x64
		{ECFEDB87-C8B2-4040-BA08-DC205B8BE9FD}.Release|x64.Build.0 = Release|x64
		{ECFEDB87-C8B2-4040-BA08-DC205B8BE9FD}.Release|x86.ActiveCfg = Release|Win32
		{ECFEDB87-C8B2-4040-BA08-DC205B8BE9FD}.Release|x86.Build.0 = Release|Win32
		{1314C36F-5505-48CC-B711-1AF339E70813}.Debug|x64.ActiveCfg = Debug|x64
		{1314C36F-5505-48CC-B711-1AF339E70813}.Debug|x64.Build.0 = Debug|x64
		{1314C36F-5505-48CC-B711-1AF339E70813}.Debug|x86.ActiveCfg = Debug|Win32
		{1314C36F-5505-48CC-B711-1AF339E70813}.Debug|x86.Build.0 = Debug|Win32
		{1314C36F-5505-48CC-B711-1AF339E70813}.Release|x64.ActiveCfg = Release|x64
		{1314C36F-5505-48CC-B711-1AF339E70813}.Release|x64.Build.0 = Release|x64
		{1314C36F-5505-48CC-B711-1AF339E70813}.Release|x86.ActiveCfg = Release|Win32
		{1314C36F-5505-48CC-B711-1AF339E70813}.Release|x86.Build.0 = Release|Win32
		{F61E54BD-352E-4AD8-8F47-74E41AEC5369}.Debug|x64.ActiveCfg = Debug|x64
		{F61E54BD-352E-4AD8-8F47-74E41AEC5369}.Debug|x64.Build.0 = Debug|x64
		{F61E54BD-352E-4AD8-8F47-74E41AEC5369}.Debug|x86.ActiveCfg = Debug|Win32
		{F61E54BD-352E-4AD8-8F47-74E41AEC5369}.Debug|x86.Build.0 = Debug|Win32
		{F61E54BD-352E-4AD8-8F47-74E41AEC5369}.Release|x64.ActiveCfg = Release|x64
		{F61E54BD-352E-4AD8-8F47-74E41AEC5369}.Release|x64.Build.0 = Release|x64
		{F61E54BD-352E-4AD8-8F47-74E41AEC5369}.Release|x86.ActiveCfg = Release|Win32
		{F61E54BD-352E-4AD8-8F47-74E41AEC5369}.Release|x86.Build.0 = Release|Win32
		{852BDD8B-5645-4458-A929-3A071D9E56A8}.Debug|x64.ActiveCfg = Debug|x64
		{852BDD8B-5645-4458-A929-3A071D9E56A8}.Debug|x64.Build.0 = Debug|x64
		{852BDD8B-5645-4458-A929-3A071D9E56A8}.Debug|x86.ActiveCfg = Debug|Win32
		{852BDD8B-5645-4458-A929-3A071D9E56A8}.Debug|x86.Build.0 = Debug|Win32
		{852BDD8B-5645-4458-A929-3A071D9E56A8}.Release|x64.ActiveCfg = Release|x64
		{852BDD8B-5645-4458-A929-3A071D9E56A8}.Release|x64.Build.0 = Release|x64
		{852BDD8B-5645-4458-A929-3A071D9E56A8}.Release|x86.ActiveCfg = Release|Win32
		{852BDD8B-5645-4458-A929-3A071D9E56A8}.Release|x86.Build.0 = Release|Win32
		{75E3F336-A445-4DE6-BF98-82B356230228}.Debug|x64.ActiveCfg = Debug|x64
		{75E3F336-A445-4DE6-BF98-82B356230228}.Debug|x64.Build.0 = Debug|x64
		{75E3F336-A445-4DE6-BF98-82B356230228}.Debug|x86.ActiveCfg = Debug|Win32
		{75E3F336-A445-4DE6-BF98-82B356230228}.Debug|x86.Build.0 = Debug|Win32
		{75E3F336-A445-4DE6-BF98-82B356230228}.Release|x64.ActiveCfg = Release|x64
		{75E3F336-A445-4DE6-BF98-82B356230228}.Release|x64.Build.0 = Release|x64
		{75E3F336-A445-4DE6-BF98-82B356230228}.Release|x86.ActiveCfg = Release|Win32
		{75E3F336-A445-4DE6-BF98-82B356230228}.Release|x86.Build.0 = Release|Win32
		{8F13F6DD-8F7C-462C-AC64-18452D1622E6}.Debug|x64.ActiveCfg = Debug|x64
		{8F13F6DD-8F7C-462C-AC64-18452D1622E6}.Debug|x64.Build.0 = Debug|x64
		{8F13F6DD-8F7C-462C-AC64-18452D1622E6}.Debug|x86.ActiveCfg = Debug|Win32
		{8F13F6DD-8F7C-462C-AC64-18452D1622E6}.Debug|x86.Build.0 = Debug|Win32
		{8F13F6DD-8F7C-462C-AC64-18452D1622E6}.Release|x64.ActiveCfg = Release|x64
		{8F13F6DD-8F7C-462C-AC64-18452D1622E6}.Release|x64.Build.0 = Release|x64
		{8F13F6DD-8F7C-462C-AC64-18452D1622E6}.Release|x86.ActiveCfg = Release|Win32
		{8F13F6DD-8F7C-462C-AC64-18452D1622E6}.Release|x86.Build.0 = Release|Win32
		{46524DDE-343B-467D-BF77-F7619928900B}.Debug|x64.ActiveCfg = Debug|x64
		{46524DDE-343B-467D-BF77-F7619928900B}.Debug|x64.Build.0 = Debug|x64
		{46524DDE-343B-467D-BF77-F7619928900B}.Debug|x86.ActiveCfg = Debug|Win32
		{46524DDE-343B-467D-BF77-F7619928900B}.Debug|x86.Build.0 = Debug|Win32
		{46524DDE-343B-467D-BF77-F7619928900B}.Release|x64.ActiveCfg = Release|x64
		{46524DDE-343B-467D-BF77-F7619928900B}.Release|x64.Build.0 = Release|x64
		{46524DDE-343B-467D-BF77-F7619928900B}.Release|x86.ActiveCfg = Release|Win32
		{46524DDE-343B-467D-BF77-F7619928900B}.Release|x86.Build.0 = Release|Win32
		{7F7CEF3C-AB7B-43A4-9708-0156CBDA036D}.Debug|x64.ActiveCfg = Debug|x64
		{7F7CEF3C-AB7B-43A4-9708-0156CBDA036D}.Debug|x64.Build.0 = Debug|x64
		{7F7CEF3C-AB7B-43A4-9708-0156CBDA036D}.Debug|x86.ActiveCfg = Debug|Win32
		{7F7CEF3C-AB7B-43A4-9708-0156CBDA036D}.Debug|x86.Build.0 = Debug|Win32
		{7F7CEF3C-AB7B-43A4-9708-0156CBDA036D}.Release|x64.ActiveCfg = Release|x64
		{7F7CEF3C-AB7B-43A4-9708-0156CBDA036D}.Release|x64.Build.0 = Release|x64
		{7F7CEF3C-AB7B-43A4-9708-0156CBDA036D}.Release|x86.ActiveCfg = Release|Win32
		{7F7CEF3C-AB7B-43A4-9708-0156CBDA036D}.Release|x86.Build.0 = Release|Win32
		{85303DED-8EC8-4A6A-B1B5-06547811C863}.Debug|x64.ActiveCfg = Debug|x64
		{85303DED-8EC8-4A6A-B1B5-06547811C863}.Debug|x64.Build.0 = Debug|x64
		{85303DED-8EC8-4A6A-B1B5-06547811C863}.Debug|x86.ActiveCfg = Debug|Win32
		{85303DED-8EC8-4A6A-B1B5-06547811C863}.Debug|x86.Build.0 = Debug|Win32
		{85303DED-8EC8-4A6A-B1B5-06547811C863}.Release|x64.ActiveCfg = Release|x64
		{85303DED-8EC8-4A6A-B1B5-06547811C863}.Release|x64.Build.0 = Release|x64
		{85303DED-8EC8-4A6A-B1B5-06547811C863}.Release|x86.ActiveCfg = Release|Win32
		{85303DED-8EC8-4A6A-B1B5-06547811C863}.Release|x86.Build.0 = Release|Win32
		{8CC81885-63B5-40AE-85C8-711AFBA4AE6A}.Debug|x64.ActiveCfg = Debug|x64
		{8CC81885-63B5-40AE-85C8-711AFBA4AE6A}.Debug|x64.Build.0 = Debug|x64
		{8CC81885-63B5-40AE-85C8-711AFBA4AE6A}.Debug|x86.ActiveCfg = Debug|Win32
		{8CC81885-63B5-40AE-85C8-711AFBA4AE6A}.Debug|x86.Build.0 = Debug|Win32
		{8CC81885-63B5-40AE-85C8-711AFBA4AE6A}.Release|x64.ActiveCfg = Release|x64
		{8CC81885-63B5-40AE-85C8-711AFBA4AE6A}.Release|x64.Build.0 = Release|x64
		{8CC81885-63B5-40AE-85C8-711AFBA4AE6A}.Release|x86.ActiveCfg = Release|Win32
		{8CC81885-63B5-40AE-85C8-711AFBA4AE6A}.Release|x86.Build.0 = Release|Win32
		{EBD64C9B-6D39-4EA8-88B7-F7D87511C11A}.Debug|x64.ActiveCfg = Debug|x64
		{EBD64C9B-6D39-4EA8-88B7-F7D87511C11A}.Debug|x64.Build.0 = Debug|x64
		{EBD64C9B-6D39-4EA8-88B7-F7D87511C11A}.Debug|x86.ActiveCfg = Debug|Win32
		{EBD64C9B-6D39-4EA8-88B7-F7D87511C11A}.Debug|x86.Build.0 = Debug|Win32
		{EBD64C9B-6D39-4EA8-88B7-F7D87511C11A}.Release|x64.ActiveCfg = Release|x64
		{EBD64C9B-6D39-4EA8-88B7-F7D87511C11A}.Release|x64.Build.0 = Release|x64
		{EBD64C9B-6D39-4EA8-88B7-F7D87511C11A}.Release|x86.ActiveCfg = Release|Win32
		{EBD64C9B-6D39-4EA8-88B7-F7D87511C11A}.Release|x86.Build.0 = Release|Win32
		{031856C6-37F3-468D-97DD-3F693B6F111C}.Debug|x64.ActiveCfg = Debug|x64
		{031856C6-37F3-468D-97DD-3F693B6F111C}.Debug|x64.Build.0 = Debug|x64
		{031856C6-37F3-468D-97DD-3F693B6F111C}.Debug|x86.ActiveCfg = Debug|Win32
		{031856C6-37F3-468D-97DD-3F693B6F111C}.Debug|x86.Build.0 = Debug|Win32
		{031856C6-37F3-468D-97DD-3F693B6F111C}.Release|x64.ActiveCfg = Release|x64
		{031856C6-37F3-468D-97DD-3F693B6F111C}.Release|x64.Build.0 = Release|x64
		{031856C6-37F3-468D-97DD-3F693B6F111C}.Release|x86.ActiveCfg = Release|Win32
		{031856C6-37F3-468D-97DD-3F693B6F111C}.Release|x86.Build.0 = Release|Win32
		{C45B4137-ACE5-4BE7-BF73-23737EE428A0}.Debug|x64.ActiveCfg = Debug|x64
		{C45B4137-ACE5-4BE7-BF73-23737EE428A0}.Debug|x64.Build.0 = Debug|x64
		{C45B4137-ACE5-4BE7-BF73-23737EE428A0}.Debug|x86.ActiveCfg = Debug|Win32
		{C45B4137-ACE5-4BE7-BF73-23737EE428A0}.Debug|x86.Build.0 = Debug|Win32
		{C45B4137-ACE5-4BE7-BF73-23737EE428A0}.Release|x64.ActiveCfg = Release|x64
		{C45B4137-ACE5-4BE7-BF73-23737EE428A0}.Release|x64.Build.0 = Release|x64
		{C45B4137-ACE5-4BE7-BF73-23737EE428A0}.Release|x86.ActiveCfg = Release|Win32
		{C45B4137-ACE5-4BE7-BF73-23737EE428A0}.Release|x86.Build.0 = Release|Win32
		{85F59767-83BE-4467-892E-82FA9D7D91A3}.Debug|x64.ActiveCfg = Debug|x64
		{85F59767-83BE-4467-892E-82FA9D7D91A3}.Debug|x64.Build.0 = Debug|x64
		{85F59767-83BE-4467-892E-82FA9D7D91A3}.Debug|x86.ActiveCfg = Debug|Win32
		{85F59767-83BE-4467-892E-82FA9D7D91A3}.Debug|x86.Build.0 = Debug|Win32
		{85F59767-83BE-4467-892E-82FA9D7D91A3}.Release|x64.ActiveCfg = Release|x64
		{85F59767-83BE-4467-892E-82FA9D7D91A3}.Release|x64.Build.0 = Release|x64
		{85F59767-83BE-4467-892E-82FA9D7D91A3}.Release|x86.ActiveCfg = Release|Win32
		{85F59767-83BE-4467-892E-82FA9D7D91A3}.Release|x86.Build.0 = Release|Win32
		{AB3F91D2-7878-4343-84E0-1B89B1C84E84}.Debug|x64.ActiveCfg = Debug|x64
		{AB3F91D2-7878-4343-84E0-1B89B1C84E84}.Debug|x64.Build.0 = Debug|x64
		{AB3F91D2-7878-4343-84E0-1B89B1C84E84}.Debug|x86.ActiveCfg = Debug|Win32
		{AB3F91D2-7878-4343-84E0-1B89B1C84E84}.Debug|x86.Build.0 = Debug|Win32
		{AB3F91D2-7878-4343-84E0-1B89B1C84E84}.Release|x64.ActiveCfg = Release|x64
		{AB3F91D2-7878-4343-84E0-1B89B1C84E84}.Release|x64.Build.0 = Release|x64
		{AB3F91D2-7878-4343-84E0-1B89B1C84E84}.Release|x86.ActiveCfg = Release|Win32
		{AB3F91D2-7878-4343-84E0-1B89B1C84E84}.Release|x86.Build.0 = Release|Win32
		{12A3B197-6A1F-48E1-83E6-FF93CF5118AD}.Debug|x64.ActiveCfg = Debug|x64
		{12A3B197-6A1F-48E1-83E6-FF93CF5118AD}.Debug|x64.Build.0 = Debug|x64
		{12A3B197-6A1F-48E1-83E6-FF93CF5118AD}.Debug|x86.ActiveCfg = Debug|Win32
		{12A3B197-6A1F-48E1-83E6-FF93CF5118AD}.Debug|x86.Build.0 = Debug|Win32
		{12A3B197-6A1F-48E1-83E6-FF93CF5118AD}.Release|x64.ActiveCfg = Release|x64
		{12A3B197-6A1F-48E1-83E6-FF93CF5118AD}.Release|x64.Build.0 = Release|x64
		{12A3B197-6A1F-48E1-83E6-FF93CF5118AD}.Release|x86.ActiveCfg = Release|Win32
		{12A3B197-6A1F-48E1-83E6-FF93CF5118AD}.Release|x86.Build.0 = Release|Win32
	EndGlobalSection
	GlobalSection(SolutionProperties) = preSolution
		HideSolutionNode = FALSE
	EndGlobalSection
	GlobalSection(NestedProjects) = preSolution
		{20F4D80B-0D63-4FD1-84FD-31E84256092E} = {3906D822-8F3A-4A48-AD93-8DDDD07D1735}
		{81A2D3E1-8FDF-4536-9638-C9876C0B23FB} = {3906D822-8F3A-4A48-AD93-8DDDD07D1735}
		{0A1C8FEC-4550-4F84-B41A-E257D33C272A} = {3906D822-8F3A-4A48-AD93-8DDDD07D1735}
		{ECFEDB87-C8B2-4040-BA08-DC205B8BE9FD} = {3906D822-8F3A-4A48-AD93-8DDDD07D1735}
		{1314C36F-5505-48CC-B711-1AF339E70813} = {3906D822-8F3A-4A48-AD93-8DDDD07D1735}
		{F61E54BD-352E-4AD8-8F47-74E41AEC5369} = {3906D822-8F3A-4A48-AD93-8DDDD07D1735}
		{852BDD8B-5645-4458-A929-3A071D9E56A8} = {3906D822-8F3A-4A48-AD93-8DDDD07D1735}
		{75E3F336-A445-4DE6-BF98-82B356230228} = {3906D822-8F3A-4A48-AD93-8DDDD07D1735}
		{8F13F6DD-8F7C-462C-AC64-18452D1622E6} = {29243AAE-CA35-49C1-AD3E-45945E6E33A3}
		{46524DDE-343B-467D-BF77-F7619928900B} = {3906D822-8F3A-4A48-AD93-8DDDD07D1735}
		{7F7CEF3C-AB7B-43A4-9708-0156CBDA036D} = {3906D822-8F3A-4A48-AD93-8DDDD07D1735}
		{85303DED-8EC8-4A6A-B1B5-06547811C863} = {29243AAE-CA35-49C1-AD3E-45945E6E33A3}
		{8CC81885-63B5-40AE-85C8-711AFBA4AE6A} = {3906D822-8F3A-4A48-AD93-8DDDD07D1735}
		{EBD64C9B-6D39-4EA8-88B7-F7D87511C11A} = {29243AAE-CA35-49C1-AD3E-45945E6E33A3}
		{031856C6-37F3-468D-97DD-3F693B6F111C} = {29243AAE-CA35-49C1-AD3E-45945E6E33A3}
		{C45B4137-ACE5-4BE7-BF73-23737EE428A0} = {3906D822-8F3A-4A48-AD93-8DDDD07D1735}
		{11FB998F-70BD-4805-B608-AAEC25911D20} = {2145632D-40A6-40CB-AA6B-E91383688C48}
		{29243AAE-CA35-49C1-AD3E-45945E6E33A3} = {2145632D-40A6-40CB-AA6B-E91383688C48}
		{85F59767-83BE-4467-892E-82FA9D7D91A3} = {11FB998F-70BD-4805-B608-AAEC25911D20}
		{AB3F91D2-7878-4343-84E0-1B89B1C84E84} = {11FB998F-70BD-4805-B608-AAEC25911D20}
		{12A3B197-6A1F-48E1-83E6-FF93CF5118AD} = {797DB261-2CE4-4D53-84F4-51F26BAAA556}
		{797DB261-2CE4-4D53-84F4-51F26BAAA556} = {2145632D-40A6-40CB-AA6B-E91383688C48}
	EndGlobalSection
	GlobalSection(ExtensibilityGlobals) = postSolution
		SolutionGuid = {E0886164-D43F-403E-A594-0C7C56E179E9}
	EndGlobalSection
EndGlobal
